Microsoft Visual Studio Solution File, Format Version 12.00
# Visual Studio Version 17
VisualStudioVersion = 17.5.2.0
MinimumVisualStudioVersion = 10.0.40219.1
Project("{FAE04EC0-301F-11D3-BF4B-00C04F79EFBC}") = "_imgLab", "_imgLab\_imgLab.csproj", "{5F7BA31B-0697-FD85-E84A-75C49603B657}"
EndProject
Global
	GlobalSection(SolutionConfigurationPlatforms) = preSolution
		Debug|Any CPU = Debug|Any CPU
		Release|Any CPU = Release|Any CPU
	EndGlobalSection
	GlobalSection(ProjectConfigurationPlatforms) = postSolution
		{5F7BA31B-0697-FD85-E84A-75C49603B657}.Debug|Any CPU.ActiveCfg = Debug|Any CPU
		{5F7BA31B-0697-FD85-E84A-75C49603B657}.Debug|Any CPU.Build.0 = Debug|Any CPU
		{5F7BA31B-0697-FD85-E84A-75C49603B657}.Release|Any CPU.ActiveCfg = Release|Any CPU
		{5F7BA31B-0697-FD85-E84A-75C49603B657}.Release|Any CPU.Build.0 = Release|Any CPU
	EndGlobalSection
	GlobalSection(SolutionProperties) = preSolution
		HideSolutionNode = FALSE
	EndGlobalSection
	GlobalSection(ExtensibilityGlobals) = postSolution
		SolutionGuid = {7440CC73-D574-431C-8088-8F043A4ABB92}
	EndGlobalSection
EndGlobal
